{
  "pins" : [
    {
      "identity" : "shtlogger",
      "kind" : "remoteSourceControl",
      "location" : "https://github.com/AlexTikhomirov/ShtLogger.git",
      "state" : {
        "revision" : "3b90190e8b75d60d0dc0e0649c3b8c087f370b9b",
        "version" : "1.0.2"
      }
    }
  ],
  "version" : 2
}
